
Microsoft Visual Studio Solution File, Format Version 12.00
# Visual Studio Version 17
VisualStudioVersion = 17.0.32014.148
MinimumVisualStudioVersion = 10.0.40219.1
Project("{FAE04EC0-301F-11D3-BF4B-00C04F79EFBC}") = "Socket_Server", "Socket_Server\Socket_Server.csproj", "{5701D254-BAFE-4E92-9885-884516D84B5C}"
EndProject
Global
	GlobalSection(SolutionConfigurationPlatforms) = preSolution
		Debug|Any CPU = Debug|Any CPU
		Release|Any CPU = Release|Any CPU
	EndGlobalSection
	GlobalSection(ProjectConfigurationPlatforms) = postSolution
		{5701D254-BAFE-4E92-9885-884516D84B5C}.Debug|Any CPU.ActiveCfg = Debug|Any CPU
		{5701D254-BAFE-4E92-9885-884516D84B5C}.Debug|Any CPU.Build.0 = Debug|Any CPU
		{5701D254-BAFE-4E92-9885-884516D84B5C}.Release|Any CPU.ActiveCfg = Release|Any CPU
		{5701D254-BAFE-4E92-9885-884516D84B5C}.Release|Any CPU.Build.0 = Release|Any CPU
	EndGlobalSection
	GlobalSection(SolutionProperties) = preSolution
		HideSolutionNode = FALSE
	EndGlobalSection
	GlobalSection(ExtensibilityGlobals) = postSolution
		SolutionGuid = {52747003-60C0-4742-BCCA-20419A488825}
	EndGlobalSection
EndGlobal
